// !$*UTF8*$!
{
	archiveVersion = 1;
	classes = {
	};
	objectVersion = 56;
	objects = {

/* Begin PBXBuildFile section */
		7DAAFAB22A9825D100BD6491 /* LittleLemonDinnerMenuApp.swift in Sources */ = {isa = PBXBuildFile; fileRef = 7DAAFAB12A9825D100BD6491 /* LittleLemonDinnerMenuApp.swift */; };
		7DAAFAB62A9825D200BD6491 /* Assets.xcassets in Resources */ = {isa = PBXBuildFile; fileRef = 7DAAFAB52A9825D200BD6491 /* Assets.xcassets */; };
		7DAAFAB92A9825D200BD6491 /* Preview Assets.xcassets in Resources */ = {isa = PBXBuildFile; fileRef = 7DAAFAB82A9825D200BD6491 /* Preview Assets.xcassets */; };
		7DAAFAC32A9825D200BD6491 /* LittleLemonDinnerMenuTests.swift in Sources */ = {isa = PBXBuildFile; fileRef = 7DAAFAC22A9825D200BD6491 /* LittleLemonDinnerMenuTests.swift */; };
		7DAAFADC2A98260200BD6491 /* MenuItemsView.swift in Sources */ = {isa = PBXBuildFile; fileRef = 7DAAFADB2A98260200BD6491 /* MenuItemsView.swift */; };
		7DAAFADE2A98267500BD6491 /* MenuItemsOptionView.swift in Sources */ = {isa = PBXBuildFile; fileRef = 7DAAFADD2A98267500BD6491 /* MenuItemsOptionView.swift */; };
		7DAAFAE02A98268000BD6491 /* MenuItemDetailsView.swift in Sources */ = {isa = PBXBuildFile; fileRef = 7DAAFADF2A98268000BD6491 /* MenuItemDetailsView.swift */; };
		7DAAFAE22A98286900BD6491 /* MenuItem.swift in Sources */ = {isa = PBXBuildFile; fileRef = 7DAAFAE12A98286900BD6491 /* MenuItem.swift */; };
		7DAAFAE42A98289500BD6491 /* SortingOptions.swift in Sources */ = {isa = PBXBuildFile; fileRef = 7DAAFAE32A98289500BD6491 /* SortingOptions.swift */; };
		7DAAFAE62A9828AB00BD6491 /* MenuCategory.swift in Sources */ = {isa = PBXBuildFile; fileRef = 7DAAFAE52A9828AB00BD6491 /* MenuCategory.swift */; };
		7DAAFAE82A9828C000BD6491 /* Ingredient.swift in Sources */ = {isa = PBXBuildFile; fileRef = 7DAAFAE72A9828C000BD6491 /* Ingredient.swift */; };
		7DAAFAED2A98291F00BD6491 /* MenuViewViewModel.swift in Sources */ = {isa = PBXBuildFile; fileRef = 7DAAFAEC2A98291F00BD6491 /* MenuViewViewModel.swift */; };
		7DAAFAEF2A98886500BD6491 /* Constants.swift in Sources */ = {isa = PBXBuildFile; fileRef = 7DAAFAEE2A98886500BD6491 /* Constants.swift */; };
/* End PBXBuildFile section */

/* Begin PBXContainerItemProxy section */
		7DAAFABF2A9825D200BD6491 /* PBXContainerItemProxy */ = {
			isa = PBXContainerItemProxy;
			containerPortal = 7DAAFAA62A9825D100BD6491 /* Project object */;
			proxyType = 1;
			remoteGlobalIDString = 7DAAFAAD2A9825D100BD6491;
			remoteInfo = LittleLemonDinnerMenu;
		};
/* End PBXContainerItemProxy section */

/* Begin PBXFileReference section */
		7DAAFAAE2A9825D100BD6491 /* LittleLemonDinnerMenu.app */ = {isa = PBXFileReference; explicitFileType = wrapper.application; includeInIndex = 0; path = LittleLemonDinnerMenu.app; sourceTree = BUILT_PRODUCTS_DIR; };
		7DAAFAB12A9825D100BD6491 /* LittleLemonDinnerMenuApp.swift */ = {isa = PBXFileReference; lastKnownFileType = sourcecode.swift; path = LittleLemonDinnerMenuApp.swift; sourceTree = "<group>"; };
		7DAAFAB52A9825D200BD6491 /* Assets.xcassets */ = {isa = PBXFileReference; lastKnownFileType = folder.assetcatalog; path = Assets.xcassets; sourceTree = "<group>"; };
		7DAAFAB82A9825D200BD6491 /* Preview Assets.xcassets */ = {isa = PBXFileReference; lastKnownFileType = folder.assetcatalog; path = "Preview Assets.xcassets"; sourceTree = "<group>"; };
		7DAAFABE2A9825D200BD6491 /* LittleLemonDinnerMenuTests.xctest */ = {isa = PBXFileReference; explicitFileType = wrapper.cfbundle; includeInIndex = 0; path = LittleLemonDinnerMenuTests.xctest; sourceTree = BUILT_PRODUCTS_DIR; };
		7DAAFAC22A9825D200BD6491 /* LittleLemonDinnerMenuTests.swift */ = {isa = PBXFileReference; lastKnownFileType = sourcecode.swift; path = LittleLemonDinnerMenuTests.swift; sourceTree = "<group>"; };
		7DAAFADB2A98260200BD6491 /* MenuItemsView.swift */ = {isa = PBXFileReference; lastKnownFileType = sourcecode.swift; path = MenuItemsView.swift; sourceTree = "<group>"; };
		7DAAFADD2A98267500BD6491 /* MenuItemsOptionView.swift */ = {isa = PBXFileReference; lastKnownFileType = sourcecode.swift; path = MenuItemsOptionView.swift; sourceTree = "<group>"; };
		7DAAFADF2A98268000BD6491 /* MenuItemDetailsView.swift */ = {isa = PBXFileReference; lastKnownFileType = sourcecode.swift; path = MenuItemDetailsView.swift; sourceTree = "<group>"; };
		7DAAFAE12A98286900BD6491 /* MenuItem.swift */ = {isa = PBXFileReference; lastKnownFileType = sourcecode.swift; path = MenuItem.swift; sourceTree = "<group>"; };
		7DAAFAE32A98289500BD6491 /* SortingOptions.swift */ = {isa = PBXFileReference; lastKnownFileType = sourcecode.swift; path = SortingOptions.swift; sourceTree = "<group>"; };
		7DAAFAE52A9828AB00BD6491 /* MenuCategory.swift */ = {isa = PBXFileReference; lastKnownFileType = sourcecode.swift; path = MenuCategory.swift; sourceTree = "<group>"; };
		7DAAFAE72A9828C000BD6491 /* Ingredient.swift */ = {isa = PBXFileReference; lastKnownFileType = sourcecode.swift; path = Ingredient.swift; sourceTree = "<group>"; };
		7DAAFAEC2A98291F00BD6491 /* MenuViewViewModel.swift */ = {isa = PBXFileReference; lastKnownFileType = sourcecode.swift; path = MenuViewViewModel.swift; sourceTree = "<group>"; };
		7DAAFAEE2A98886500BD6491 /* Constants.swift */ = {isa = PBXFileReference; lastKnownFileType = sourcecode.swift; path = Constants.swift; sourceTree = "<group>"; };
/* End PBXFileReference section */

/* Begin PBXFrameworksBuildPhase section */
		7DAAFAAB2A9825D100BD6491 /* Frameworks */ = {
			isa = PBXFrameworksBuildPhase;
			buildActionMask = 2147483647;
			files = (
			);
			runOnlyForDeploymentPostprocessing = 0;
		};
		7DAAFABB2A9825D200BD6491 /* Frameworks */ = {
			isa = PBXFrameworksBuildPhase;
			buildActionMask = 2147483647;
			files = (
			);
			runOnlyForDeploymentPostprocessing = 0;
		};
/* End PBXFrameworksBuildPhase section */

/* Begin PBXGroup section */
		7DAAFAA52A9825D100BD6491 = {
			isa = PBXGroup;
			children = (
				7DAAFAB02A9825D100BD6491 /* LittleLemonDinnerMenu */,
				7DAAFAC12A9825D200BD6491 /* LittleLemonDinnerMenuTests */,
				7DAAFAAF2A9825D100BD6491 /* Products */,
			);
			sourceTree = "<group>";
		};
		7DAAFAAF2A9825D100BD6491 /* Products */ = {
			isa = PBXGroup;
			children = (
				7DAAFAAE2A9825D100BD6491 /* LittleLemonDinnerMenu.app */,
				7DAAFABE2A9825D200BD6491 /* LittleLemonDinnerMenuTests.xctest */,
			);
			name = Products;
			sourceTree = "<group>";
		};
		7DAAFAB02A9825D100BD6491 /* LittleLemonDinnerMenu */ = {
			isa = PBXGroup;
			children = (
				7DAAFAB12A9825D100BD6491 /* LittleLemonDinnerMenuApp.swift */,
				7DAAFAE92A9828C900BD6491 /* Model */,
				7DAAFAEA2A9828DB00BD6491 /* Views */,
				7DAAFAEB2A9828F000BD6491 /* ViewModel */,
				7DAAFAB52A9825D200BD6491 /* Assets.xcassets */,
				7DAAFAB72A9825D200BD6491 /* Preview Content */,
			);
			path = LittleLemonDinnerMenu;
			sourceTree = "<group>";
		};
		7DAAFAB72A9825D200BD6491 /* Preview Content */ = {
			isa = PBXGroup;
			children = (
				7DAAFAB82A9825D200BD6491 /* Preview Assets.xcassets */,
			);
			path = "Preview Content";
			sourceTree = "<group>";
		};
		7DAAFAC12A9825D200BD6491 /* LittleLemonDinnerMenuTests */ = {
			isa = PBXGroup;
			children = (
				7DAAFAC22A9825D200BD6491 /* LittleLemonDinnerMenuTests.swift */,
			);
			path = LittleLemonDinnerMenuTests;
			sourceTree = "<group>";
		};
		7DAAFAE92A9828C900BD6491 /* Model */ = {
			isa = PBXGroup;
			children = (
				7DAAFAE72A9828C000BD6491 /* Ingredient.swift */,
				7DAAFAE52A9828AB00BD6491 /* MenuCategory.swift */,
				7DAAFAE12A98286900BD6491 /* MenuItem.swift */,
				7DAAFAE32A98289500BD6491 /* SortingOptions.swift */,
				7DAAFAEE2A98886500BD6491 /* Constants.swift */,
			);
			path = Model;
			sourceTree = "<group>";
		};
		7DAAFAEA2A9828DB00BD6491 /* Views */ = {
			isa = PBXGroup;
			children = (
				7DAAFADF2A98268000BD6491 /* MenuItemDetailsView.swift */,
				7DAAFADD2A98267500BD6491 /* MenuItemsOptionView.swift */,
				7DAAFADB2A98260200BD6491 /* MenuItemsView.swift */,
			);
			path = Views;
			sourceTree = "<group>";
		};
		7DAAFAEB2A9828F000BD6491 /* ViewModel */ = {
			isa = PBXGroup;
			children = (
				7DAAFAEC2A98291F00BD6491 /* MenuViewViewModel.swift */,
			);
			path = ViewModel;
			sourceTree = "<group>";
		};
/* End PBXGroup section */

/* Begin PBXNativeTarget section */
		7DAAFAAD2A9825D100BD6491 /* LittleLemonDinnerMenu */ = {
			isa = PBXNativeTarget;
			buildConfigurationList = 7DAAFAD22A9825D200BD6491 /* Build configuration list for PBXNativeTarget "LittleLemonDinnerMenu" */;
			buildPhases = (
				7DAAFAAA2A9825D100BD6491 /* Sources */,
				7DAAFAAB2A9825D100BD6491 /* Frameworks */,
				7DAAFAAC2A9825D100BD6491 /* Resources */,
			);
			buildRules = (
			);
			dependencies = (
			);
			name = LittleLemonDinnerMenu;
			productName = LittleLemonDinnerMenu;
			productReference = 7DAAFAAE2A9825D100BD6491 /* LittleLemonDinnerMenu.app */;
			productType = "com.apple.product-type.application";
		};
		7DAAFABD2A9825D200BD6491 /* LittleLemonDinnerMenuTests */ = {
			isa = PBXNativeTarget;
			buildConfigurationList = 7DAAFAD52A9825D200BD6491 /* Build configuration list for PBXNativeTarget "LittleLemonDinnerMenuTests" */;
			buildPhases = (
				7DAAFABA2A9825D200BD6491 /* Sources */,
				7DAAFABB2A9825D200BD6491 /* Frameworks */,
				7DAAFABC2A9825D200BD6491 /* Resources */,
			);
			buildRules = (
			);
			dependencies = (
				7DAAFAC02A9825D200BD6491 /* PBXTargetDependency */,
			);
			name = LittleLemonDinnerMenuTests;
			productName = LittleLemonDinnerMenuTests;
			productReference = 7DAAFABE2A9825D200BD6491 /* LittleLemonDinnerMenuTests.xctest */;
			productType = "com.apple.product-type.bundle.unit-test";
		};
/* End PBXNativeTarget section */

/* Begin PBXProject section */
		7DAAFAA62A9825D100BD6491 /* Project object */ = {
			isa = PBXProject;
			attributes = {
				BuildIndependentTargetsInParallel = 1;
				LastSwiftUpdateCheck = 1500;
				LastUpgradeCheck = 1500;
				TargetAttributes = {
					7DAAFAAD2A9825D100BD6491 = {
						CreatedOnToolsVersion = 15.0;
					};
					7DAAFABD2A9825D200BD6491 = {
						CreatedOnToolsVersion = 15.0;
						TestTargetID = 7DAAFAAD2A9825D100BD6491;
					};
				};
			};
			buildConfigurationList = 7DAAFAA92A9825D100BD6491 /* Build configuration list for PBXProject "LittleLemonDinnerMenu" */;
			compatibilityVersion = "Xcode 14.0";
			developmentRegion = en;
			hasScannedForEncodings = 0;
			knownRegions = (
				en,
				Base,
			);
			mainGroup = 7DAAFAA52A9825D100BD6491;
			productRefGroup = 7DAAFAAF2A9825D100BD6491 /* Products */;
			projectDirPath = "";
			projectRoot = "";
			targets = (
				7DAAFAAD2A9825D100BD6491 /* LittleLemonDinnerMenu */,
				7DAAFABD2A9825D200BD6491 /* LittleLemonDinnerMenuTests */,
			);
		};
/* End PBXProject section */

/* Begin PBXResourcesBuildPhase section */
		7DAAFAAC2A9825D100BD6491 /* Resources */ = {
			isa = PBXResourcesBuildPhase;
			buildActionMask = 2147483647;
			files = (
				7DAAFAB92A9825D200BD6491 /* Preview Assets.xcassets in Resources */,
				7DAAFAB62A9825D200BD6491 /* Assets.xcassets in Resources */,
			);
			runOnlyForDeploymentPostprocessing = 0;
		};
		7DAAFABC2A9825D200BD6491 /* Resources */ = {
			isa = PBXResourcesBuildPhase;
			buildActionMask = 2147483647;
			files = (
			);
			runOnlyForDeploymentPostprocessing = 0;
		};
/* End PBXResourcesBuildPhase section */

/* Begin PBXSourcesBuildPhase section */
		7DAAFAAA2A9825D100BD6491 /* Sources */ = {
			isa = PBXSourcesBuildPhase;
			buildActionMask = 2147483647;
			files = (
				7DAAFADE2A98267500BD6491 /* MenuItemsOptionView.swift in Sources */,
				7DAAFAE42A98289500BD6491 /* SortingOptions.swift in Sources */,
				7DAAFAE02A98268000BD6491 /* MenuItemDetailsView.swift in Sources */,
				7DAAFAE62A9828AB00BD6491 /* MenuCategory.swift in Sources */,
				7DAAFAED2A98291F00BD6491 /* MenuViewViewModel.swift in Sources */,
				7DAAFAEF2A98886500BD6491 /* Constants.swift in Sources */,
				7DAAFAE82A9828C000BD6491 /* Ingredient.swift in Sources */,
				7DAAFADC2A98260200BD6491 /* MenuItemsView.swift in Sources */,
				7DAAFAB22A9825D100BD6491 /* LittleLemonDinnerMenuApp.swift in Sources */,
				7DAAFAE22A98286900BD6491 /* MenuItem.swift in Sources */,
			);
			runOnlyForDeploymentPostprocessing = 0;
		};
		7DAAFABA2A9825D200BD6491 /* Sources */ = {
			isa = PBXSourcesBuildPhase;
			buildActionMask = 2147483647;
			files = (
				7DAAFAC32A9825D200BD6491 /* LittleLemonDinnerMenuTests.swift in Sources */,
			);
			runOnlyForDeploymentPostprocessing = 0;
		};
/* End PBXSourcesBuildPhase section */

/* Begin PBXTargetDependency section */
		7DAAFAC02A9825D200BD6491 /* PBXTargetDependency */ = {
			isa = PBXTargetDependency;
			target = 7DAAFAAD2A9825D100BD6491 /* LittleLemonDinnerMenu */;
			targetProxy = 7DAAFABF2A9825D200BD6491 /* PBXContainerItemProxy */;
		};
/* End PBXTargetDependency section */

/* Begin XCBuildConfiguration section */
		7DAAFAD02A9825D200BD6491 /* Debug */ = {
			isa = XCBuildConfiguration;
			buildSettings = {
				ALWAYS_SEARCH_USER_PATHS = NO;
				ASSETCATALOG_COMPILER_GENERATE_SWIFT_ASSET_SYMBOL_EXTENSIONS = YES;
				CLANG_ANALYZER_NONNULL = YES;
				CLANG_ANALYZER_NUMBER_OBJECT_CONVERSION = YES_AGGRESSIVE;
				CLANG_CXX_LANGUAGE_STANDARD = "gnu++20";
				CLANG_ENABLE_MODULES = YES;
				CLANG_ENABLE_OBJC_ARC = YES;
				CLANG_ENABLE_OBJC_WEAK = YES;
				CLANG_WARN_BLOCK_CAPTURE_AUTORELEASING = YES;
				CLANG_WARN_BOOL_CONVERSION = YES;
				CLANG_WARN_COMMA = YES;
				CLANG_WARN_CONSTANT_CONVERSION = YES;
				CLANG_WARN_DEPRECATED_OBJC_IMPLEMENTATIONS = YES;
				CLANG_WARN_DIRECT_OBJC_ISA_USAGE = YES_ERROR;
				CLANG_WARN_DOCUMENTATION_COMMENTS = YES;
				CLANG_WARN_EMPTY_BODY = YES;
				CLANG_WARN_ENUM_CONVERSION = YES;
				CLANG_WARN_INFINITE_RECURSION = YES;
				CLANG_WARN_INT_CONVERSION = YES;
				CLANG_WARN_NON_LITERAL_NULL_CONVERSION = YES;
				CLANG_WARN_OBJC_IMPLICIT_RETAIN_SELF = YES;
				CLANG_WARN_OBJC_LITERAL_CONVERSION = YES;
				CLANG_WARN_OBJC_ROOT_CLASS = YES_ERROR;
				CLANG_WARN_QUOTED_INCLUDE_IN_FRAMEWORK_HEADER = YES;
				CLANG_WARN_RANGE_LOOP_ANALYSIS = YES;
				CLANG_WARN_STRICT_PROTOTYPES = YES;
				CLANG_WARN_SUSPICIOUS_MOVE = YES;
				CLANG_WARN_UNGUARDED_AVAILABILITY = YES_AGGRESSIVE;
				CLANG_WARN_UNREACHABLE_CODE = YES;
				CLANG_WARN__DUPLICATE_METHOD_MATCH = YES;
				COPY_PHASE_STRIP = NO;
				DEBUG_INFORMATION_FORMAT = dwarf;
				ENABLE_STRICT_OBJC_MSGSEND = YES;
				ENABLE_TESTABILITY = YES;
				ENABLE_USER_SCRIPT_SANDBOXING = YES;
				GCC_C_LANGUAGE_STANDARD = gnu17;
				GCC_DYNAMIC_NO_PIC = NO;
				GCC_NO_COMMON_BLOCKS = YES;
				GCC_OPTIMIZATION_LEVEL = 0;
				GCC_PREPROCESSOR_DEFINITIONS = (
					"DEBUG=1",
					"$(inherited)",
				);
				GCC_WARN_64_TO_32_BIT_CONVERSION = YES;
				GCC_WARN_ABOUT_RETURN_TYPE = YES_ERROR;
				GCC_WARN_UNDECLARED_SELECTOR = YES;
				GCC_WARN_UNINITIALIZED_AUTOS = YES_AGGRESSIVE;
				GCC_WARN_UNUSED_FUNCTION = YES;
				GCC_WARN_UNUSED_VARIABLE = YES;
				IPHONEOS_DEPLOYMENT_TARGET = 17.0;
				LOCALIZATION_PREFERS_STRING_CATALOGS = YES;
				MTL_ENABLE_DEBUG_INFO = INCLUDE_SOURCE;
				MTL_FAST_MATH = YES;
				ONLY_ACTIVE_ARCH = YES;
				SDKROOT = iphoneos;
				SWIFT_ACTIVE_COMPILATION_CONDITIONS = "DEBUG $(inherited)";
				SWIFT_OPTIMIZATION_LEVEL = "-Onone";
			};
			name = Debug;
		};
		7DAAFAD12A9825D200BD6491 /* Release */ = {
			isa = XCBuildConfiguration;
			buildSettings = {
				ALWAYS_SEARCH_USER_PATHS = NO;
				ASSETCATALOG_COMPILER_GENERATE_SWIFT_ASSET_SYMBOL_EXTENSIONS = YES;
				CLANG_ANALYZER_NONNULL = YES;
				CLANG_ANALYZER_NUMBER_OBJECT_CONVERSION = YES_AGGRESSIVE;
				CLANG_CXX_LANGUAGE_STANDARD = "gnu++20";
				CLANG_ENABLE_MODULES = YES;
				CLANG_ENABLE_OBJC_ARC = YES;
				CLANG_ENABLE_OBJC_WEAK = YES;
				CLANG_WARN_BLOCK_CAPTURE_AUTORELEASING = YES;
				CLANG_WARN_BOOL_CONVERSION = YES;
				CLANG_WARN_COMMA = YES;
				CLANG_WARN_CONSTANT_CONVERSION = YES;
				CLANG_WARN_DEPRECATED_OBJC_IMPLEMENTATIONS = YES;
				CLANG_WARN_DIRECT_OBJC_ISA_USAGE = YES_ERROR;
				CLANG_WARN_DOCUMENTATION_COMMENTS = YES;
				CLANG_WARN_EMPTY_BODY = YES;
				CLANG_WARN_ENUM_CONVERSION = YES;
				CLANG_WARN_INFINITE_RECURSION = YES;
				CLANG_WARN_INT_CONVERSION = YES;
				CLANG_WARN_NON_LITERAL_NULL_CONVERSION = YES;
				CLANG_WARN_OBJC_IMPLICIT_RETAIN_SELF = YES;
				CLANG_WARN_OBJC_LITERAL_CONVERSION = YES;
				CLANG_WARN_OBJC_ROOT_CLASS = YES_ERROR;
				CLANG_WARN_QUOTED_INCLUDE_IN_FRAMEWORK_HEADER = YES;
				CLANG_WARN_RANGE_LOOP_ANALYSIS = YES;
				CLANG_WARN_STRICT_PROTOTYPES = YES;
				CLANG_WARN_SUSPICIOUS_MOVE = YES;
				CLANG_WARN_UNGUARDED_AVAILABILITY = YES_AGGRESSIVE;
				CLANG_WARN_UNREACHABLE_CODE = YES;
				CLANG_WARN__DUPLICATE_METHOD_MATCH = YES;
				COPY_PHASE_STRIP = NO;
				DEBUG_INFORMATION_FORMAT = "dwarf-with-dsym";
				ENABLE_NS_ASSERTIONS = NO;
				ENABLE_STRICT_OBJC_MSGSEND = YES;
				ENABLE_USER_SCRIPT_SANDBOXING = YES;
				GCC_C_LANGUAGE_STANDARD = gnu17;
				GCC_NO_COMMON_BLOCKS = YES;
				GCC_WARN_64_TO_32_BIT_CONVERSION = YES;
				GCC_WARN_ABOUT_RETURN_TYPE = YES_ERROR;
				GCC_WARN_UNDECLARED_SELECTOR = YES;
				GCC_WARN_UNINITIALIZED_AUTOS = YES_AGGRESSIVE;
				GCC_WARN_UNUSED_FUNCTION = YES;
				GCC_WARN_UNUSED_VARIABLE = YES;
				IPHONEOS_DEPLOYMENT_TARGET = 17.0;
				LOCALIZATION_PREFERS_STRING_CATALOGS = YES;
				MTL_ENABLE_DEBUG_INFO = NO;
				MTL_FAST_MATH = YES;
				SDKROOT = iphoneos;
				SWIFT_COMPILATION_MODE = wholemodule;
				VALIDATE_PRODUCT = YES;
			};
			name = Release;
		};
		7DAAFAD32A9825D200BD6491 /* Debug */ = {
			isa = XCBuildConfiguration;
			buildSettings = {
				ASSETCATALOG_COMPILER_APPICON_NAME = AppIcon;
				ASSETCATALOG_COMPILER_GLOBAL_ACCENT_COLOR_NAME = AccentColor;
				CODE_SIGN_STYLE = Automatic;
				CURRENT_PROJECT_VERSION = 1;
				DEVELOPMENT_ASSET_PATHS = "\"LittleLemonDinnerMenu/Preview Content\"";
				DEVELOPMENT_TEAM = X72243U6C7;
				ENABLE_PREVIEWS = YES;
				GENERATE_INFOPLIST_FILE = YES;
				INFOPLIST_KEY_UIApplicationSceneManifest_Generation = YES;
				INFOPLIST_KEY_UIApplicationSupportsIndirectInputEvents = YES;
				INFOPLIST_KEY_UILaunchScreen_Generation = YES;
				INFOPLIST_KEY_UISupportedInterfaceOrientations_iPad = "UIInterfaceOrientationPortrait UIInterfaceOrientationPortraitUpsideDown UIInterfaceOrientationLandscapeLeft UIInterfaceOrientationLandscapeRight";
				INFOPLIST_KEY_UISupportedInterfaceOrientations_iPhone = "UIInterfaceOrientationPortrait UIInterfaceOrientationLandscapeLeft UIInterfaceOrientationLandscapeRight";
				LD_RUNPATH_SEARCH_PATHS = (
					"$(inherited)",
					"@executable_path/Frameworks",
				);
				MARKETING_VERSION = 1.0;
				PRODUCT_BUNDLE_IDENTIFIER = com.preet.LittleLemonDinnerMenu;
				PRODUCT_NAME = "$(TARGET_NAME)";
				SWIFT_EMIT_LOC_STRINGS = YES;
				SWIFT_VERSION = 5.0;
				TARGETED_DEVICE_FAMILY = "1,2";
			};
			name = Debug;
		};
		7DAAFAD42A9825D200BD6491 /* Release */ = {
			isa = XCBuildConfiguration;
			buildSettings = {
				ASSETCATALOG_COMPILER_APPICON_NAME = AppIcon;
				ASSETCATALOG_COMPILER_GLOBAL_ACCENT_COLOR_NAME = AccentColor;
				CODE_SIGN_STYLE = Automatic;
				CURRENT_PROJECT_VERSION = 1;
				DEVELOPMENT_ASSET_PATHS = "\"LittleLemonDinnerMenu/Preview Content\"";
				DEVELOPMENT_TEAM = X72243U6C7;
				ENABLE_PREVIEWS = YES;
				GENERATE_INFOPLIST_FILE = YES;
				INFOPLIST_KEY_UIApplicationSceneManifest_Generation = YES;
				INFOPLIST_KEY_UIApplicationSupportsIndirectInputEvents = YES;
				INFOPLIST_KEY_UILaunchScreen_Generation = YES;
				INFOPLIST_KEY_UISupportedInterfaceOrientations_iPad = "UIInterfaceOrientationPortrait UIInterfaceOrientationPortraitUpsideDown UIInterfaceOrientationLandscapeLeft UIInterfaceOrientationLandscapeRight";
				INFOPLIST_KEY_UISupportedInterfaceOrientations_iPhone = "UIInterfaceOrientationPortrait UIInterfaceOrientationLandscapeLeft UIInterfaceOrientationLandscapeRight";
				LD_RUNPATH_SEARCH_PATHS = (
					"$(inherited)",
					"@executable_path/Frameworks",
				);
				MARKETING_VERSION = 1.0;
				PRODUCT_BUNDLE_IDENTIFIER = com.preet.LittleLemonDinnerMenu;
				PRODUCT_NAME = "$(TARGET_NAME)";
				SWIFT_EMIT_LOC_STRINGS = YES;
				SWIFT_VERSION = 5.0;
				TARGETED_DEVICE_FAMILY = "1,2";
			};
			name = Release;
		};
		7DAAFAD62A9825D200BD6491 /* Debug */ = {
			isa = XCBuildConfiguration;
			buildSettings = {
				ALWAYS_EMBED_SWIFT_STANDARD_LIBRARIES = YES;
				BUNDLE_LOADER = "$(TEST_HOST)";
				CODE_SIGN_STYLE = Automatic;
				CURRENT_PROJECT_VERSION = 1;
				DEVELOPMENT_TEAM = X72243U6C7;
				GENERATE_INFOPLIST_FILE = YES;
				IPHONEOS_DEPLOYMENT_TARGET = 17.0;
				MARKETING_VERSION = 1.0;
				PRODUCT_BUNDLE_IDENTIFIER = com.preet.LittleLemonDinnerMenuTests;
				PRODUCT_NAME = "$(TARGET_NAME)";
				SWIFT_EMIT_LOC_STRINGS = NO;
				SWIFT_VERSION = 5.0;
				TARGETED_DEVICE_FAMILY = "1,2";
				TEST_HOST = "$(BUILT_PRODUCTS_DIR)/LittleLemonDinnerMenu.app/$(BUNDLE_EXECUTABLE_FOLDER_PATH)/LittleLemonDinnerMenu";
			};
			name = Debug;
		};
		7DAAFAD72A9825D200BD6491 /* Release */ = {
			isa = XCBuildConfiguration;
			buildSettings = {
				ALWAYS_EMBED_SWIFT_STANDARD_LIBRARIES = YES;
				BUNDLE_LOADER = "$(TEST_HOST)";
				CODE_SIGN_STYLE = Automatic;
				CURRENT_PROJECT_VERSION = 1;
				DEVELOPMENT_TEAM = X72243U6C7;
				GENERATE_INFOPLIST_FILE = YES;
				IPHONEOS_DEPLOYMENT_TARGET = 17.0;
				MARKETING_VERSION = 1.0;
				PRODUCT_BUNDLE_IDENTIFIER = com.preet.LittleLemonDinnerMenuTests;
				PRODUCT_NAME = "$(TARGET_NAME)";
				SWIFT_EMIT_LOC_STRINGS = NO;
				SWIFT_VERSION = 5.0;
				TARGETED_DEVICE_FAMILY = "1,2";
				TEST_HOST = "$(BUILT_PRODUCTS_DIR)/LittleLemonDinnerMenu.app/$(BUNDLE_EXECUTABLE_FOLDER_PATH)/LittleLemonDinnerMenu";
			};
			name = Release;
		};
/* End XCBuildConfiguration section */

/* Begin XCConfigurationList section */
		7DAAFAA92A9825D100BD6491 /* Build configuration list for PBXProject "LittleLemonDinnerMenu" */ = {
			isa = XCConfigurationList;
			buildConfigurations = (
				7DAAFAD02A9825D200BD6491 /* Debug */,
				7DAAFAD12A9825D200BD6491 /* Release */,
			);
			defaultConfigurationIsVisible = 0;
			defaultConfigurationName = Release;
		};
		7DAAFAD22A9825D200BD6491 /* Build configuration list for PBXNativeTarget "LittleLemonDinnerMenu" */ = {
			isa = XCConfigurationList;
			buildConfigurations = (
				7DAAFAD32A9825D200BD6491 /* Debug */,
				7DAAFAD42A9825D200BD6491 /* Release */,
			);
			defaultConfigurationIsVisible = 0;
			defaultConfigurationName = Release;
		};
		7DAAFAD52A9825D200BD6491 /* Build configuration list for PBXNativeTarget "LittleLemonDinnerMenuTests" */ = {
			isa = XCConfigurationList;
			buildConfigurations = (
				7DAAFAD62A9825D200BD6491 /* Debug */,
				7DAAFAD72A9825D200BD6491 /* Release */,
			);
			defaultConfigurationIsVisible = 0;
			defaultConfigurationName = Release;
		};
/* End XCConfigurationList section */
	};
	rootObject = 7DAAFAA62A9825D100BD6491 /* Project object */;
}
